// !$*UTF8*$!
{
	archiveVersion = 1;
	classes = {
	};
	objectVersion = 55;
	objects = {

/* Begin PBXBuildFile section */
		7DCE7B0927FAFB0500A59AAC /* QuotesAppApp.swift in Sources */ = {isa = PBXBuildFile; fileRef = 7DCE7B0827FAFB0500A59AAC /* QuotesAppApp.swift */; };
		7DCE7B0B27FAFB0500A59AAC /* ContentView.swift in Sources */ = {isa = PBXBuildFile; fileRef = 7DCE7B0A27FAFB0500A59AAC /* ContentView.swift */; };
		7DCE7B0D27FAFB0800A59AAC /* Assets.xcassets in Resources */ = {isa = PBXBuildFile; fileRef = 7DCE7B0C27FAFB0800A59AAC /* Assets.xcassets */; };
		7DCE7B1027FAFB0800A59AAC /* Preview Assets.xcassets in Resources */ = {isa = PBXBuildFile; fileRef = 7DCE7B0F27FAFB0800A59AAC /* Preview Assets.xcassets */; };
		7DCE7B1827FB06F600A59AAC /* Quote.swift in Sources */ = {isa = PBXBuildFile; fileRef = 7DCE7B1727FB06F600A59AAC /* Quote.swift */; };
		7DCE7B1B27FB0A4B00A59AAC /* quotes.json in Resources */ = {isa = PBXBuildFile; fileRef = 7DCE7B1A27FB0A4B00A59AAC /* quotes.json */; };
		7DCE7B1D27FB0DE500A59AAC /* QuoteData.swift in Sources */ = {isa = PBXBuildFile; fileRef = 7DCE7B1C27FB0DE500A59AAC /* QuoteData.swift */; };
/* End PBXBuildFile section */

/* Begin PBXFileReference section */
		7DCE7B0527FAFB0500A59AAC /* QuotesApp.app */ = {isa = PBXFileReference; explicitFileType = wrapper.application; includeInIndex = 0; path = QuotesApp.app; sourceTree = BUILT_PRODUCTS_DIR; };
		7DCE7B0827FAFB0500A59AAC /* QuotesAppApp.swift */ = {isa = PBXFileReference; lastKnownFileType = sourcecode.swift; path = QuotesAppApp.swift; sourceTree = "<group>"; };
		7DCE7B0A27FAFB0500A59AAC /* ContentView.swift */ = {isa = PBXFileReference; lastKnownFileType = sourcecode.swift; path = ContentView.swift; sourceTree = "<group>"; };
		7DCE7B0C27FAFB0800A59AAC /* Assets.xcassets */ = {isa = PBXFileReference; lastKnownFileType = folder.assetcatalog; path = Assets.xcassets; sourceTree = "<group>"; };
		7DCE7B0F27FAFB0800A59AAC /* Preview Assets.xcassets */ = {isa = PBXFileReference; lastKnownFileType = folder.assetcatalog; path = "Preview Assets.xcassets"; sourceTree = "<group>"; };
		7DCE7B1727FB06F600A59AAC /* Quote.swift */ = {isa = PBXFileReference; lastKnownFileType = sourcecode.swift; path = Quote.swift; sourceTree = "<group>"; };
		7DCE7B1A27FB0A4B00A59AAC /* quotes.json */ = {isa = PBXFileReference; fileEncoding = 4; lastKnownFileType = text.json; path = quotes.json; sourceTree = "<group>"; };
		7DCE7B1C27FB0DE500A59AAC /* QuoteData.swift */ = {isa = PBXFileReference; lastKnownFileType = sourcecode.swift; path = QuoteData.swift; sourceTree = "<group>"; };
		7DCE7B1E27FB127B00A59AAC /* README.md */ = {isa = PBXFileReference; lastKnownFileType = net.daringfireball.markdown; path = README.md; sourceTree = "<group>"; };
/* End PBXFileReference section */

/* Begin PBXFrameworksBuildPhase section */
		7DCE7B0227FAFB0500A59AAC /* Frameworks */ = {
			isa = PBXFrameworksBuildPhase;
			buildActionMask = 2147483647;
			files = (
			);
			runOnlyForDeploymentPostprocessing = 0;
		};
/* End PBXFrameworksBuildPhase section */

/* Begin PBXGroup section */
		7DCE7AFC27FAFB0500A59AAC = {
			isa = PBXGroup;
			children = (
				7DCE7B1F27FB12E300A59AAC /* screenshot */,
				7DCE7B1E27FB127B00A59AAC /* README.md */,
				7DCE7B0727FAFB0500A59AAC /* QuotesApp */,
				7DCE7B0627FAFB0500A59AAC /* Products */,
			);
			sourceTree = "<group>";
		};
		7DCE7B0627FAFB0500A59AAC /* Products */ = {
			isa = PBXGroup;
			children = (
				7DCE7B0527FAFB0500A59AAC /* QuotesApp.app */,
			);
			name = Products;
			sourceTree = "<group>";
		};
		7DCE7B0727FAFB0500A59AAC /* QuotesApp */ = {
			isa = PBXGroup;
			children = (
				7DCE7B1927FB0A1000A59AAC /* Model */,
				7DCE7B1627FB06DD00A59AAC /* Data */,
				7DCE7B0827FAFB0500A59AAC /* QuotesAppApp.swift */,
				7DCE7B0A27FAFB0500A59AAC /* ContentView.swift */,
				7DCE7B0C27FAFB0800A59AAC /* Assets.xcassets */,
				7DCE7B0E27FAFB0800A59AAC /* Preview Content */,
			);
			path = QuotesApp;
			sourceTree = "<group>";
		};
		7DCE7B0E27FAFB0800A59AAC /* Preview Content */ = {
			isa = PBXGroup;
			children = (
				7DCE7B0F27FAFB0800A59AAC /* Preview Assets.xcassets */,
			);
			path = "Preview Content";
			sourceTree = "<group>";
		};
		7DCE7B1627FB06DD00A59AAC /* Data */ = {
			isa = PBXGroup;
			children = (
				7DCE7B1A27FB0A4B00A59AAC /* quotes.json */,
			);
			path = Data;
			sourceTree = "<group>";
		};
		7DCE7B1927FB0A1000A59AAC /* Model */ = {
			isa = PBXGroup;
			children = (
				7DCE7B1727FB06F600A59AAC /* Quote.swift */,
				7DCE7B1C27FB0DE500A59AAC /* QuoteData.swift */,
			);
			path = Model;
			sourceTree = "<group>";
		};
		7DCE7B1F27FB12E300A59AAC /* screenshot */ = {
			isa = PBXGroup;
			children = (
			);
			path = screenshot;
			sourceTree = "<group>";
		};
/* End PBXGroup section */

/* Begin PBXNativeTarget section */
		7DCE7B0427FAFB0500A59AAC /* QuotesApp */ = {
			isa = PBXNativeTarget;
			buildConfigurationList = 7DCE7B1327FAFB0800A59AAC /* Build configuration list for PBXNativeTarget "QuotesApp" */;
			buildPhases = (
				7DCE7B0127FAFB0500A59AAC /* Sources */,
				7DCE7B0227FAFB0500A59AAC /* Frameworks */,
				7DCE7B0327FAFB0500A59AAC /* Resources */,
			);
			buildRules = (
			);
			dependencies = (
			);
			name = QuotesApp;
			productName = QuotesApp;
			productReference = 7DCE7B0527FAFB0500A59AAC /* QuotesApp.app */;
			productType = "com.apple.product-type.application";
		};
/* End PBXNativeTarget section */

/* Begin PBXProject section */
		7DCE7AFD27FAFB0500A59AAC /* Project object */ = {
			isa = PBXProject;
			attributes = {
				BuildIndependentTargetsInParallel = 1;
				LastSwiftUpdateCheck = 1330;
				LastUpgradeCheck = 1330;
				TargetAttributes = {
					7DCE7B0427FAFB0500A59AAC = {
						CreatedOnToolsVersion = 13.3;
					};
				};
			};
			buildConfigurationList = 7DCE7B0027FAFB0500A59AAC /* Build configuration list for PBXProject "QuotesApp" */;
			compatibilityVersion = "Xcode 13.0";
			developmentRegion = en;
			hasScannedForEncodings = 0;
			knownRegions = (
				en,
				Base,
			);
			mainGroup = 7DCE7AFC27FAFB0500A59AAC;
			productRefGroup = 7DCE7B0627FAFB0500A59AAC /* Products */;
			projectDirPath = "";
			projectRoot = "";
			targets = (
				7DCE7B0427FAFB0500A59AAC /* QuotesApp */,
			);
		};
/* End PBXProject section */

/* Begin PBXResourcesBuildPhase section */
		7DCE7B0327FAFB0500A59AAC /* Resources */ = {
			isa = PBXResourcesBuildPhase;
			buildActionMask = 2147483647;
			files = (
				7DCE7B1027FAFB0800A59AAC /* Preview Assets.xcassets in Resources */,
				7DCE7B1B27FB0A4B00A59AAC /* quotes.json in Resources */,
				7DCE7B0D27FAFB0800A59AAC /* Assets.xcassets in Resources */,
			);
			runOnlyForDeploymentPostprocessing = 0;
		};
/* End PBXResourcesBuildPhase section */

/* Begin PBXSourcesBuildPhase section */
		7DCE7B0127FAFB0500A59AAC /* Sources */ = {
			isa = PBXSourcesBuildPhase;
			buildActionMask = 2147483647;
			files = (
				7DCE7B0B27FAFB0500A59AAC /* ContentView.swift in Sources */,
				7DCE7B1827FB06F600A59AAC /* Quote.swift in Sources */,
				7DCE7B1D27FB0DE500A59AAC /* QuoteData.swift in Sources */,
				7DCE7B0927FAFB0500A59AAC /* QuotesAppApp.swift in Sources */,
			);
			runOnlyForDeploymentPostprocessing = 0;
		};
/* End PBXSourcesBuildPhase section */

/* Begin XCBuildConfiguration section */
		7DCE7B1127FAFB0800A59AAC /* Debug */ = {
			isa = XCBuildConfiguration;
			buildSettings = {
				ALWAYS_SEARCH_USER_PATHS = NO;
				CLANG_ANALYZER_NONNULL = YES;
				CLANG_ANALYZER_NUMBER_OBJECT_CONVERSION = YES_AGGRESSIVE;
				CLANG_CXX_LANGUAGE_STANDARD = "gnu++17";
				CLANG_ENABLE_MODULES = YES;
				CLANG_ENABLE_OBJC_ARC = YES;
				CLANG_ENABLE_OBJC_WEAK = YES;
				CLANG_WARN_BLOCK_CAPTURE_AUTORELEASING = YES;
				CLANG_WARN_BOOL_CONVERSION = YES;
				CLANG_WARN_COMMA = YES;
				CLANG_WARN_CONSTANT_CONVERSION = YES;
				CLANG_WARN_DEPRECATED_OBJC_IMPLEMENTATIONS = YES;
				CLANG_WARN_DIRECT_OBJC_ISA_USAGE = YES_ERROR;
				CLANG_WARN_DOCUMENTATION_COMMENTS = YES;
				CLANG_WARN_EMPTY_BODY = YES;
				CLANG_WARN_ENUM_CONVERSION = YES;
				CLANG_WARN_INFINITE_RECURSION = YES;
				CLANG_WARN_INT_CONVERSION = YES;
				CLANG_WARN_NON_LITERAL_NULL_CONVERSION = YES;
				CLANG_WARN_OBJC_IMPLICIT_RETAIN_SELF = YES;
				CLANG_WARN_OBJC_LITERAL_CONVERSION = YES;
				CLANG_WARN_OBJC_ROOT_CLASS = YES_ERROR;
				CLANG_WARN_QUOTED_INCLUDE_IN_FRAMEWORK_HEADER = YES;
				CLANG_WARN_RANGE_LOOP_ANALYSIS = YES;
				CLANG_WARN_STRICT_PROTOTYPES = YES;
				CLANG_WARN_SUSPICIOUS_MOVE = YES;
				CLANG_WARN_UNGUARDED_AVAILABILITY = YES_AGGRESSIVE;
				CLANG_WARN_UNREACHABLE_CODE = YES;
				CLANG_WARN__DUPLICATE_METHOD_MATCH = YES;
				COPY_PHASE_STRIP = NO;
				DEBUG_INFORMATION_FORMAT = dwarf;
				ENABLE_STRICT_OBJC_MSGSEND = YES;
				ENABLE_TESTABILITY = YES;
				GCC_C_LANGUAGE_STANDARD = gnu11;
				GCC_DYNAMIC_NO_PIC = NO;
				GCC_NO_COMMON_BLOCKS = YES;
				GCC_OPTIMIZATION_LEVEL = 0;
				GCC_PREPROCESSOR_DEFINITIONS = (
					"DEBUG=1",
					"$(inherited)",
				);
				GCC_WARN_64_TO_32_BIT_CONVERSION = YES;
				GCC_WARN_ABOUT_RETURN_TYPE = YES_ERROR;
				GCC_WARN_UNDECLARED_SELECTOR = YES;
				GCC_WARN_UNINITIALIZED_AUTOS = YES_AGGRESSIVE;
				GCC_WARN_UNUSED_FUNCTION = YES;
				GCC_WARN_UNUSED_VARIABLE = YES;
				IPHONEOS_DEPLOYMENT_TARGET = 15.4;
				MTL_ENABLE_DEBUG_INFO = INCLUDE_SOURCE;
				MTL_FAST_MATH = YES;
				ONLY_ACTIVE_ARCH = YES;
				SDKROOT = iphoneos;
				SWIFT_ACTIVE_COMPILATION_CONDITIONS = DEBUG;
				SWIFT_OPTIMIZATION_LEVEL = "-Onone";
			};
			name = Debug;
		};
		7DCE7B1227FAFB0800A59AAC /* Release */ = {
			isa = XCBuildConfiguration;
			buildSettings = {
				ALWAYS_SEARCH_USER_PATHS = NO;
				CLANG_ANALYZER_NONNULL = YES;
				CLANG_ANALYZER_NUMBER_OBJECT_CONVERSION = YES_AGGRESSIVE;
				CLANG_CXX_LANGUAGE_STANDARD = "gnu++17";
				CLANG_ENABLE_MODULES = YES;
				CLANG_ENABLE_OBJC_ARC = YES;
				CLANG_ENABLE_OBJC_WEAK = YES;
				CLANG_WARN_BLOCK_CAPTURE_AUTORELEASING = YES;
				CLANG_WARN_BOOL_CONVERSION = YES;
				CLANG_WARN_COMMA = YES;
				CLANG_WARN_CONSTANT_CONVERSION = YES;
				CLANG_WARN_DEPRECATED_OBJC_IMPLEMENTATIONS = YES;
				CLANG_WARN_DIRECT_OBJC_ISA_USAGE = YES_ERROR;
				CLANG_WARN_DOCUMENTATION_COMMENTS = YES;
				CLANG_WARN_EMPTY_BODY = YES;
				CLANG_WARN_ENUM_CONVERSION = YES;
				CLANG_WARN_INFINITE_RECURSION = YES;
				CLANG_WARN_INT_CONVERSION = YES;
				CLANG_WARN_NON_LITERAL_NULL_CONVERSION = YES;
				CLANG_WARN_OBJC_IMPLICIT_RETAIN_SELF = YES;
				CLANG_WARN_OBJC_LITERAL_CONVERSION = YES;
				CLANG_WARN_OBJC_ROOT_CLASS = YES_ERROR;
				CLANG_WARN_QUOTED_INCLUDE_IN_FRAMEWORK_HEADER = YES;
				CLANG_WARN_RANGE_LOOP_ANALYSIS = YES;
				CLANG_WARN_STRICT_PROTOTYPES = YES;
				CLANG_WARN_SUSPICIOUS_MOVE = YES;
				CLANG_WARN_UNGUARDED_AVAILABILITY = YES_AGGRESSIVE;
				CLANG_WARN_UNREACHABLE_CODE = YES;
				CLANG_WARN__DUPLICATE_METHOD_MATCH = YES;
				COPY_PHASE_STRIP = NO;
				DEBUG_INFORMATION_FORMAT = "dwarf-with-dsym";
				ENABLE_NS_ASSERTIONS = NO;
				ENABLE_STRICT_OBJC_MSGSEND = YES;
				GCC_C_LANGUAGE_STANDARD = gnu11;
				GCC_NO_COMMON_BLOCKS = YES;
				GCC_WARN_64_TO_32_BIT_CONVERSION = YES;
				GCC_WARN_ABOUT_RETURN_TYPE = YES_ERROR;
				GCC_WARN_UNDECLARED_SELECTOR = YES;
				GCC_WARN_UNINITIALIZED_AUTOS = YES_AGGRESSIVE;
				GCC_WARN_UNUSED_FUNCTION = YES;
				GCC_WARN_UNUSED_VARIABLE = YES;
				IPHONEOS_DEPLOYMENT_TARGET = 15.4;
				MTL_ENABLE_DEBUG_INFO = NO;
				MTL_FAST_MATH = YES;
				SDKROOT = iphoneos;
				SWIFT_COMPILATION_MODE = wholemodule;
				SWIFT_OPTIMIZATION_LEVEL = "-O";
				VALIDATE_PRODUCT = YES;
			};
			name = Release;
		};
		7DCE7B1427FAFB0800A59AAC /* Debug */ = {
			isa = XCBuildConfiguration;
			buildSettings = {
				ASSETCATALOG_COMPILER_APPICON_NAME = AppIcon;
				ASSETCATALOG_COMPILER_GLOBAL_ACCENT_COLOR_NAME = AccentColor;
				CODE_SIGN_STYLE = Automatic;
				CURRENT_PROJECT_VERSION = 1;
				DEVELOPMENT_ASSET_PATHS = "\"QuotesApp/Preview Content\"";
				ENABLE_PREVIEWS = YES;
				GENERATE_INFOPLIST_FILE = YES;
				INFOPLIST_KEY_UIApplicationSceneManifest_Generation = YES;
				INFOPLIST_KEY_UIApplicationSupportsIndirectInputEvents = YES;
				INFOPLIST_KEY_UILaunchScreen_Generation = YES;
				INFOPLIST_KEY_UISupportedInterfaceOrientations_iPad = "UIInterfaceOrientationPortrait UIInterfaceOrientationPortraitUpsideDown UIInterfaceOrientationLandscapeLeft UIInterfaceOrientationLandscapeRight";
				INFOPLIST_KEY_UISupportedInterfaceOrientations_iPhone = "UIInterfaceOrientationPortrait UIInterfaceOrientationLandscapeLeft UIInterfaceOrientationLandscapeRight";
				LD_RUNPATH_SEARCH_PATHS = (
					"$(inherited)",
					"@executable_path/Frameworks",
				);
				MARKETING_VERSION = 1.0;
				PRODUCT_BUNDLE_IDENTIFIER = com.dotsehyde.QuotesApp;
				PRODUCT_NAME = "$(TARGET_NAME)";
				SWIFT_EMIT_LOC_STRINGS = YES;
				SWIFT_VERSION = 5.0;
				TARGETED_DEVICE_FAMILY = "1,2";
			};
			name = Debug;
		};
		7DCE7B1527FAFB0800A59AAC /* Release */ = {
			isa = XCBuildConfiguration;
			buildSettings = {
				ASSETCATALOG_COMPILER_APPICON_NAME = AppIcon;
				ASSETCATALOG_COMPILER_GLOBAL_ACCENT_COLOR_NAME = AccentColor;
				CODE_SIGN_STYLE = Automatic;
				CURRENT_PROJECT_VERSION = 1;
				DEVELOPMENT_ASSET_PATHS = "\"QuotesApp/Preview Content\"";
				ENABLE_PREVIEWS = YES;
				GENERATE_INFOPLIST_FILE = YES;
				INFOPLIST_KEY_UIApplicationSceneManifest_Generation = YES;
				INFOPLIST_KEY_UIApplicationSupportsIndirectInputEvents = YES;
				INFOPLIST_KEY_UILaunchScreen_Generation = YES;
				INFOPLIST_KEY_UISupportedInterfaceOrientations_iPad = "UIInterfaceOrientationPortrait UIInterfaceOrientationPortraitUpsideDown UIInterfaceOrientationLandscapeLeft UIInterfaceOrientationLandscapeRight";
				INFOPLIST_KEY_UISupportedInterfaceOrientations_iPhone = "UIInterfaceOrientationPortrait UIInterfaceOrientationLandscapeLeft UIInterfaceOrientationLandscapeRight";
				LD_RUNPATH_SEARCH_PATHS = (
					"$(inherited)",
					"@executable_path/Frameworks",
				);
				MARKETING_VERSION = 1.0;
				PRODUCT_BUNDLE_IDENTIFIER = com.dotsehyde.QuotesApp;
				PRODUCT_NAME = "$(TARGET_NAME)";
				SWIFT_EMIT_LOC_STRINGS = YES;
				SWIFT_VERSION = 5.0;
				TARGETED_DEVICE_FAMILY = "1,2";
			};
			name = Release;
		};
/* End XCBuildConfiguration section */

/* Begin XCConfigurationList section */
		7DCE7B0027FAFB0500A59AAC /* Build configuration list for PBXProject "QuotesApp" */ = {
			isa = XCConfigurationList;
			buildConfigurations = (
				7DCE7B1127FAFB0800A59AAC /* Debug */,
				7DCE7B1227FAFB0800A59AAC /* Release */,
			);
			defaultConfigurationIsVisible = 0;
			defaultConfigurationName = Release;
		};
		7DCE7B1327FAFB0800A59AAC /* Build configuration list for PBXNativeTarget "QuotesApp" */ = {
			isa = XCConfigurationList;
			buildConfigurations = (
				7DCE7B1427FAFB0800A59AAC /* Debug */,
				7DCE7B1527FAFB0800A59AAC /* Release */,
			);
			defaultConfigurationIsVisible = 0;
			defaultConfigurationName = Release;
		};
/* End XCConfigurationList section */
	};
	rootObject = 7DCE7AFD27FAFB0500A59AAC /* Project object */;
}
